<?xml version="1.0" encoding="UTF-8"?>
<CONFIG>
  <ProjectOptions>
    <Version Value="9"/>
    <PathDelim Value="\"/>
    <General>
      <MainUnit Value="0"/>
      <Title Value="Grow_4"/>
      <UseAppBundle Value="False"/>
      <XPManifest>
        <ExecutionLevel Value="2"/>
      </XPManifest>
      <Icon Value="0"/>
    </General>
    <i18n>
      <EnableI18N Value="True"/>
      <OutDir Value="languages"/>
    </i18n>
    <VersionInfo>
      <UseVersionInfo Value="True"/>
      <AutoIncrementBuild Value="True"/>
      <MajorVersionNr Value="7"/>
      <MinorVersionNr Value="4"/>
      <RevisionNr Value="1"/>
      <BuildNr Value="202"/>
      <StringTable Comments="Grow_4" CompanyName="Grow_4" FileDescription="Grow_4 - Molecular Modeling &amp; CADD platform" LegalCopyright="Rafal Urniaz &lt;rafal.urniaz@gmail.com>" LegalTrademarks="Grow_4 (R)" OriginalFilename="Grow_4" ProductName="Grow_4" ProductVersion=""/>
    </VersionInfo>
    <BuildModes Count="1">
      <Item1 Name="default" Default="True"/>
    </BuildModes>
    <PublishOptions>
      <Version Value="2"/>
      <DestinationDirectory Value="C:\Documents and Settings\Rafał\Pulpit\magisterka\Program_grow_laz\To_publish"/>
      <IgnoreBinaries Value="False"/>
      <UseIncludeFileFilter Value="False"/>
      <IncludeFilterSimpleSyntax Value="False"/>
      <IncludeFileFilter Value="*.(pas|pp|inc|lfm|lpr|lrs|lpi|lpk|sh|xml)"/>
      <UseExcludeFileFilter Value="True"/>
      <ExcludeFileFilter Value="*.(bak|ppu|ppw|o|so);*~;backup"/>
    </PublishOptions>
    <RunParams>
      <local>
        <FormatVersion Value="1"/>
        <LaunchingApplication PathPlusParams="/usr/X11R6/bin/xterm -T 'Lazarus Run Output' -e $(LazarusDir)/tools/runwait.sh $(TargetCmdLine)"/>
      </local>
    </RunParams>
    <RequiredPackages Count="8">
      <Item1>
        <PackageName Value="SynEdit"/>
      </Item1>
      <Item2>
        <PackageName Value="LazControls"/>
      </Item2>
      <Item3>
        <PackageName Value="TAChartLazarusPkg"/>
        <MinVersion Major="1" Valid="True"/>
      </Item3>
      <Item4>
        <PackageName Value="lazreport"/>
        <MinVersion Minor="9" Release="5" Valid="True"/>
      </Item4>
      <Item5>
        <PackageName Value="LazOpenGLContext"/>
        <MinVersion Release="1" Valid="True"/>
      </Item5>
      <Item6>
        <PackageName Value="FCL"/>
        <MinVersion Major="1" Valid="True"/>
      </Item6>
      <Item7>
        <PackageName Value="IDEIntf"/>
        <MinVersion Major="1" Valid="True"/>
      </Item7>
      <Item8>
        <PackageName Value="LCL"/>
      </Item8>
    </RequiredPackages>
    <Units Count="43">
      <Unit0>
        <Filename Value="Grow4.lpr"/>
        <IsPartOfProject Value="True"/>
        <EditorIndex Value="2"/>
        <CursorPos Y="10"/>
        <UsageCount Value="200"/>
        <Loaded Value="True"/>
      </Unit0>
      <Unit1>
        <Filename Value="Unit1.pas"/>
        <IsPartOfProject Value="True"/>
        <ComponentName Value="MainForm"/>
        <HasResources Value="True"/>
        <ResourceBaseClass Value="Form"/>
        <EditorIndex Value="7"/>
        <CursorPos Y="10"/>
        <UsageCount Value="200"/>
        <Loaded Value="True"/>
        <LoadedDesigner Value="True"/>
      </Unit1>
      <Unit2>
        <Filename Value="unit2.pas"/>
        <IsPartOfProject Value="True"/>
        <ComponentName Value="PDBEditor"/>
        <HasResources Value="True"/>
        <ResourceBaseClass Value="Form"/>
        <UnitName Value="Unit2"/>
        <EditorIndex Value="8"/>
        <CursorPos Y="10"/>
        <UsageCount Value="201"/>
        <Loaded Value="True"/>
        <LoadedDesigner Value="True"/>
      </Unit2>
      <Unit3>
        <Filename Value="stale.inc"/>
        <IsPartOfProject Value="True"/>
        <EditorIndex Value="11"/>
        <CursorPos X="3" Y="11"/>
        <UsageCount Value="200"/>
        <Loaded Value="True"/>
      </Unit3>
      <Unit4>
        <Filename Value="unit3.pas"/>
        <IsPartOfProject Value="True"/>
        <ComponentName Value="Form3"/>
        <HasResources Value="True"/>
        <ResourceBaseClass Value="Form"/>
        <UnitName Value="Unit3"/>
        <EditorIndex Value="12"/>
        <CursorPos Y="10"/>
        <UsageCount Value="200"/>
        <Loaded Value="True"/>
        <LoadedDesigner Value="True"/>
      </Unit4>
      <Unit5>
        <Filename Value="unit4.pas"/>
        <IsPartOfProject Value="True"/>
        <ComponentName Value="Form2"/>
        <HasResources Value="True"/>
        <ResourceBaseClass Value="Form"/>
        <UnitName Value="Unit4"/>
        <EditorIndex Value="13"/>
        <CursorPos Y="10"/>
        <UsageCount Value="200"/>
        <Loaded Value="True"/>
        <LoadedDesigner Value="True"/>
      </Unit5>
      <Unit6>
        <Filename Value="unit5.pas"/>
        <IsPartOfProject Value="True"/>
        <ComponentName Value="Form4"/>
        <HasResources Value="True"/>
        <ResourceBaseClass Value="Form"/>
        <UnitName Value="Unit5"/>
        <EditorIndex Value="14"/>
        <CursorPos Y="10"/>
        <UsageCount Value="200"/>
        <Loaded Value="True"/>
        <LoadedDesigner Value="True"/>
      </Unit6>
      <Unit7>
        <Filename Value="unit6.pas"/>
        <IsPartOfProject Value="True"/>
        <ComponentName Value="Form5"/>
        <HasResources Value="True"/>
        <ResourceBaseClass Value="Form"/>
        <UnitName Value="Unit6"/>
        <EditorIndex Value="17"/>
        <CursorPos Y="10"/>
        <UsageCount Value="202"/>
        <Loaded Value="True"/>
        <LoadedDesigner Value="True"/>
      </Unit7>
      <Unit8>
        <Filename Value="unit7.pas"/>
        <IsPartOfProject Value="True"/>
        <ComponentName Value="form6"/>
        <HasResources Value="True"/>
        <ResourceBaseClass Value="Form"/>
        <UnitName Value="Unit7"/>
        <EditorIndex Value="18"/>
        <CursorPos Y="10"/>
        <UsageCount Value="200"/>
        <Loaded Value="True"/>
        <LoadedDesigner Value="True"/>
      </Unit8>
      <Unit9>
        <Filename Value="stale.pas"/>
        <TopLine Value="80"/>
        <CursorPos X="28" Y="101"/>
        <UsageCount Value="55"/>
      </Unit9>
      <Unit10>
        <Filename Value="zmienne_globalne.inc"/>
        <IsPartOfProject Value="True"/>
        <EditorIndex Value="20"/>
        <TopLine Value="10"/>
        <CursorPos X="146" Y="13"/>
        <UsageCount Value="207"/>
        <Loaded Value="True"/>
      </Unit10>
      <Unit11>
        <Filename Value="unit8.pas"/>
        <IsPartOfProject Value="True"/>
        <ComponentName Value="Form7"/>
        <HasResources Value="True"/>
        <ResourceBaseClass Value="Form"/>
        <UnitName Value="Unit8"/>
        <EditorIndex Value="21"/>
        <CursorPos Y="10"/>
        <UsageCount Value="201"/>
        <Loaded Value="True"/>
        <LoadedDesigner Value="True"/>
      </Unit11>
      <Unit12>
        <Filename Value="unit9.pas"/>
        <IsPartOfProject Value="True"/>
        <ComponentName Value="Form8"/>
        <HasResources Value="True"/>
        <ResourceBaseClass Value="Form"/>
        <EditorIndex Value="22"/>
        <CursorPos Y="10"/>
        <UsageCount Value="201"/>
        <Loaded Value="True"/>
        <LoadedDesigner Value="True"/>
      </Unit12>
      <Unit13>
        <Filename Value="Unit10.pas"/>
        <IsPartOfProject Value="True"/>
        <ComponentName Value="Form9"/>
        <HasResources Value="True"/>
        <ResourceBaseClass Value="Form"/>
        <EditorIndex Value="23"/>
        <CursorPos Y="10"/>
        <UsageCount Value="201"/>
        <Loaded Value="True"/>
        <LoadedDesigner Value="True"/>
      </Unit13>
      <Unit14>
        <Filename Value="Unit11.pas"/>
        <IsPartOfProject Value="True"/>
        <ComponentName Value="Form10"/>
        <HasResources Value="True"/>
        <ResourceBaseClass Value="Form"/>
        <EditorIndex Value="24"/>
        <CursorPos Y="10"/>
        <UsageCount Value="200"/>
        <Loaded Value="True"/>
        <LoadedDesigner Value="True"/>
      </Unit14>
      <Unit15>
        <Filename Value="unit12.pas"/>
        <IsPartOfProject Value="True"/>
        <ComponentName Value="Settings"/>
        <HasResources Value="True"/>
        <ResourceBaseClass Value="Form"/>
        <UnitName Value="Unit12"/>
        <EditorIndex Value="16"/>
        <CursorPos Y="10"/>
        <UsageCount Value="200"/>
        <Loaded Value="True"/>
        <LoadedDesigner Value="True"/>
      </Unit15>
      <Unit16>
        <Filename Value="fpc-res.res"/>
        <IsPartOfProject Value="True"/>
        <ComponentName Value="Form12"/>
        <ResourceBaseClass Value="Form"/>
        <EditorIndex Value="-1"/>
        <TopLine Value="24"/>
        <CursorPos X="12" Y="42"/>
        <UsageCount Value="200"/>
        <DefaultSyntaxHighlighter Value="None"/>
      </Unit16>
      <Unit17>
        <Filename Value="Unit13.pas"/>
        <IsPartOfProject Value="True"/>
        <ComponentName Value="Form12"/>
        <HasResources Value="True"/>
        <ResourceBaseClass Value="Form"/>
        <EditorIndex Value="25"/>
        <CursorPos Y="10"/>
        <UsageCount Value="200"/>
        <Loaded Value="True"/>
        <LoadedDesigner Value="True"/>
      </Unit17>
      <Unit18>
        <Filename Value="unit14.pas"/>
        <IsPartOfProject Value="True"/>
        <ComponentName Value="project_table_form"/>
        <HasResources Value="True"/>
        <ResourceBaseClass Value="Form"/>
        <UnitName Value="Unit14"/>
        <EditorIndex Value="10"/>
        <CursorPos Y="10"/>
        <UsageCount Value="200"/>
        <Loaded Value="True"/>
        <LoadedDesigner Value="True"/>
      </Unit18>
      <Unit19>
        <Filename Value="biblioteka_grow_4.pas"/>
        <IsPartOfProject Value="True"/>
        <UnitName Value="Biblioteka_Grow_4"/>
        <EditorIndex Value="5"/>
        <CursorPos Y="10"/>
        <UsageCount Value="221"/>
        <Loaded Value="True"/>
      </Unit19>
      <Unit20>
        <Filename Value="unit17.pas"/>
        <IsPartOfProject Value="True"/>
        <ComponentName Value="Form15"/>
        <HasResources Value="True"/>
        <ResourceBaseClass Value="Form"/>
        <UnitName Value="Unit17"/>
        <EditorIndex Value="26"/>
        <CursorPos Y="10"/>
        <UsageCount Value="211"/>
        <Loaded Value="True"/>
        <LoadedDesigner Value="True"/>
      </Unit20>
      <Unit21>
        <Filename Value="biblioteka_grow_4_grafika.pas"/>
        <IsPartOfProject Value="True"/>
        <UnitName Value="Biblioteka_Grow_4_grafika"/>
        <EditorIndex Value="4"/>
        <CursorPos Y="10"/>
        <UsageCount Value="211"/>
        <Loaded Value="True"/>
      </Unit21>
      <Unit22>
        <Filename Value="Opisy_form_projektu.txt"/>
        <IsPartOfProject Value="True"/>
        <UsageCount Value="211"/>
        <Loaded Value="True"/>
        <DefaultSyntaxHighlighter Value="None"/>
      </Unit22>
      <Unit23>
        <Filename Value="Unit15.pas"/>
        <IsPartOfProject Value="True"/>
        <ComponentName Value="Form13"/>
        <HasResources Value="True"/>
        <ResourceBaseClass Value="Form"/>
        <EditorIndex Value="27"/>
        <CursorPos X="27" Y="4"/>
        <UsageCount Value="211"/>
        <Loaded Value="True"/>
        <LoadedDesigner Value="True"/>
      </Unit23>
      <Unit24>
        <Filename Value="unit22.pas"/>
        <IsPartOfProject Value="True"/>
        <ComponentName Value="Console"/>
        <HasResources Value="True"/>
        <ResourceBaseClass Value="Form"/>
        <UnitName Value="Unit22"/>
        <EditorIndex Value="9"/>
        <CursorPos Y="10"/>
        <UsageCount Value="211"/>
        <Loaded Value="True"/>
        <LoadedDesigner Value="True"/>
      </Unit24>
      <Unit25>
        <Filename Value="unit16.pas"/>
        <IsPartOfProject Value="True"/>
        <ComponentName Value="Form14"/>
        <HasResources Value="True"/>
        <ResourceBaseClass Value="Form"/>
        <UnitName Value="Unit16"/>
        <EditorIndex Value="28"/>
        <CursorPos Y="10"/>
        <UsageCount Value="211"/>
        <Loaded Value="True"/>
        <LoadedDesigner Value="True"/>
      </Unit25>
      <Unit26>
        <Filename Value="unit18.pas"/>
        <IsPartOfProject Value="True"/>
        <ComponentName Value="Form16"/>
        <HasResources Value="True"/>
        <ResourceBaseClass Value="Form"/>
        <UnitName Value="Unit18"/>
        <EditorIndex Value="29"/>
        <CursorPos Y="10"/>
        <UsageCount Value="211"/>
        <Loaded Value="True"/>
        <LoadedDesigner Value="True"/>
      </Unit26>
      <Unit27>
        <Filename Value="unit19.pas"/>
        <IsPartOfProject Value="True"/>
        <ComponentName Value="Form17"/>
        <HasResources Value="True"/>
        <ResourceBaseClass Value="Form"/>
        <UnitName Value="Unit19"/>
        <EditorIndex Value="30"/>
        <CursorPos Y="10"/>
        <UsageCount Value="211"/>
        <Loaded Value="True"/>
        <LoadedDesigner Value="True"/>
      </Unit27>
      <Unit28>
        <Filename Value="unit20.pas"/>
        <IsPartOfProject Value="True"/>
        <ComponentName Value="IVM"/>
        <HasResources Value="True"/>
        <ResourceBaseClass Value="Form"/>
        <UnitName Value="Unit20"/>
        <EditorIndex Value="15"/>
        <CursorPos Y="10"/>
        <UsageCount Value="211"/>
        <Loaded Value="True"/>
        <LoadedDesigner Value="True"/>
      </Unit28>
      <Unit29>
        <Filename Value="unit21.pas"/>
        <IsPartOfProject Value="True"/>
        <ComponentName Value="ProgressBox"/>
        <HasResources Value="True"/>
        <ResourceBaseClass Value="Form"/>
        <UnitName Value="Unit21"/>
        <EditorIndex Value="19"/>
        <CursorPos Y="10"/>
        <UsageCount Value="211"/>
        <Loaded Value="True"/>
        <LoadedDesigner Value="True"/>
      </Unit29>
      <Unit30>
        <Filename Value="unit23.pas"/>
        <IsPartOfProject Value="True"/>
        <ComponentName Value="ScriptEditor"/>
        <HasResources Value="True"/>
        <ResourceBaseClass Value="Form"/>
        <UnitName Value="Unit23"/>
        <EditorIndex Value="6"/>
        <CursorPos Y="10"/>
        <UsageCount Value="211"/>
        <Loaded Value="True"/>
        <LoadedDesigner Value="True"/>
      </Unit30>
      <Unit31>
        <Filename Value="unit24.pas"/>
        <IsPartOfProject Value="True"/>
        <ComponentName Value="Form24"/>
        <HasResources Value="True"/>
        <ResourceBaseClass Value="Form"/>
        <UnitName Value="Unit24"/>
        <IsVisibleTab Value="True"/>
        <EditorIndex Value="31"/>
        <CursorPos Y="10"/>
        <UsageCount Value="211"/>
        <Loaded Value="True"/>
        <LoadedDesigner Value="True"/>
      </Unit31>
      <Unit32>
        <Filename Value="biblioteka_grow_4_konsola.pas"/>
        <IsPartOfProject Value="True"/>
        <UnitName Value="Biblioteka_Grow_4_Konsola"/>
        <EditorIndex Value="3"/>
        <CursorPos Y="10"/>
        <UsageCount Value="197"/>
        <Loaded Value="True"/>
      </Unit32>
      <Unit33>
        <Filename Value="synapse40\source\lib\laz_synapse.lpk"/>
        <EditorIndex Value="-1"/>
        <WindowIndex Value="-1"/>
        <TopLine Value="-1"/>
        <CursorPos X="-1" Y="-1"/>
        <UsageCount Value="2"/>
        <DefaultSyntaxHighlighter Value="XML"/>
      </Unit33>
      <Unit34>
        <Filename Value="ssl_libssh2.pas"/>
        <EditorIndex Value="-1"/>
        <TopLine Value="5"/>
        <CursorPos X="10" Y="23"/>
        <UsageCount Value="10"/>
      </Unit34>
      <Unit35>
        <Filename Value="ssl_cryptlib.pas"/>
        <EditorIndex Value="-1"/>
        <TopLine Value="207"/>
        <CursorPos Y="227"/>
        <UsageCount Value="3"/>
      </Unit35>
      <Unit36>
        <Filename Value="blcksock.pas"/>
        <EditorIndex Value="-1"/>
        <TopLine Value="88"/>
        <CursorPos X="12" Y="106"/>
        <UsageCount Value="4"/>
      </Unit36>
      <Unit37>
        <Filename Value="cryptlib.pas"/>
        <EditorIndex Value="-1"/>
        <TopLine Value="1882"/>
        <CursorPos X="40" Y="1917"/>
        <UsageCount Value="3"/>
      </Unit37>
      <Unit38>
        <Filename Value="sshclient.pas"/>
        <EditorIndex Value="-1"/>
        <TopLine Value="14"/>
        <CursorPos X="20" Y="32"/>
        <UsageCount Value="3"/>
      </Unit38>
      <Unit39>
        <Filename Value="synsock.pas"/>
        <EditorIndex Value="-1"/>
        <TopLine Value="45"/>
        <CursorPos X="6" Y="63"/>
        <UsageCount Value="3"/>
      </Unit39>
      <Unit40>
        <Filename Value="synautil.pas"/>
        <EditorIndex Value="-1"/>
        <TopLine Value="34"/>
        <CursorPos X="2" Y="52"/>
        <UsageCount Value="3"/>
      </Unit40>
      <Unit41>
        <Filename Value="unit25.pas"/>
        <IsPartOfProject Value="True"/>
        <ComponentName Value="PDBrequest"/>
        <HasResources Value="True"/>
        <ResourceBaseClass Value="Form"/>
        <UnitName Value="Unit25"/>
        <EditorIndex Value="1"/>
        <CursorPos Y="10"/>
        <UsageCount Value="114"/>
        <Loaded Value="True"/>
        <LoadedDesigner Value="True"/>
      </Unit41>
      <Unit42>
        <Filename Value="C:\lazarus_1.4\components\lazutils\lazutf8classes.pas"/>
        <UnitName Value="LazUTF8Classes"/>
        <EditorIndex Value="-1"/>
        <TopLine Value="119"/>
        <CursorPos X="25" Y="137"/>
        <UsageCount Value="4"/>
      </Unit42>
    </Units>
    <JumpHistory Count="30" HistoryIndex="29">
      <Position1>
        <Filename Value="unit24.pas"/>
        <Caret Line="539" Column="65" TopLine="523"/>
      </Position1>
      <Position2>
        <Filename Value="unit24.pas"/>
        <Caret Line="544" Column="65" TopLine="528"/>
      </Position2>
      <Position3>
        <Filename Value="unit24.pas"/>
        <Caret Line="538" TopLine="528"/>
      </Position3>
      <Position4>
        <Filename Value="unit24.pas"/>
        <Caret Line="537" TopLine="527"/>
      </Position4>
      <Position5>
        <Filename Value="unit24.pas"/>
        <Caret Line="536" TopLine="526"/>
      </Position5>
      <Position6>
        <Filename Value="unit24.pas"/>
        <Caret Line="535" TopLine="525"/>
      </Position6>
      <Position7>
        <Filename Value="unit24.pas"/>
        <Caret Line="534" TopLine="524"/>
      </Position7>
      <Position8>
        <Filename Value="unit24.pas"/>
        <Caret Line="533" TopLine="523"/>
      </Position8>
      <Position9>
        <Filename Value="unit24.pas"/>
        <Caret Line="532" TopLine="522"/>
      </Position9>
      <Position10>
        <Filename Value="unit24.pas"/>
        <Caret Line="555" Column="33" TopLine="522"/>
      </Position10>
      <Position11>
        <Filename Value="unit24.pas"/>
        <Caret Line="566" Column="54" TopLine="542"/>
      </Position11>
      <Position12>
        <Filename Value="unit24.pas"/>
        <Caret Line="525" Column="29" TopLine="507"/>
      </Position12>
      <Position13>
        <Filename Value="unit24.pas"/>
        <Caret Line="562" Column="29" TopLine="538"/>
      </Position13>
      <Position14>
        <Filename Value="unit24.pas"/>
        <Caret Line="537" TopLine="521"/>
      </Position14>
      <Position15>
        <Filename Value="unit24.pas"/>
        <Caret Line="567" Column="32" TopLine="550"/>
      </Position15>
      <Position16>
        <Filename Value="unit24.pas"/>
        <Caret Line="566" Column="32" TopLine="549"/>
      </Position16>
      <Position17>
        <Filename Value="unit24.pas"/>
        <Caret Line="565" Column="32" TopLine="548"/>
      </Position17>
      <Position18>
        <Filename Value="unit24.pas"/>
        <Caret Line="566" Column="32" TopLine="549"/>
      </Position18>
      <Position19>
        <Filename Value="unit24.pas"/>
        <Caret Line="567" Column="32" TopLine="550"/>
      </Position19>
      <Position20>
        <Filename Value="unit24.pas"/>
        <Caret Line="568" Column="32" TopLine="551"/>
      </Position20>
      <Position21>
        <Filename Value="unit24.pas"/>
        <Caret Line="569" Column="32" TopLine="552"/>
      </Position21>
      <Position22>
        <Filename Value="unit24.pas"/>
        <Caret Line="568" Column="32" TopLine="551"/>
      </Position22>
      <Position23>
        <Filename Value="unit24.pas"/>
        <Caret Line="569" Column="32" TopLine="552"/>
      </Position23>
      <Position24>
        <Filename Value="unit24.pas"/>
        <Caret Line="574" Column="45" TopLine="539"/>
      </Position24>
      <Position25>
        <Filename Value="Unit1.pas"/>
        <Caret Line="1566" Column="15" TopLine="1564"/>
      </Position25>
      <Position26>
        <Filename Value="biblioteka_grow_4.pas"/>
        <Caret Line="1975" Column="42" TopLine="1880"/>
      </Position26>
      <Position27>
        <Filename Value="biblioteka_grow_4.pas"/>
        <Caret Line="185" Column="24" TopLine="168"/>
      </Position27>
      <Position28>
        <Filename Value="unit24.pas"/>
        <Caret Line="558" Column="55" TopLine="550"/>
      </Position28>
      <Position29>
        <Filename Value="unit24.pas"/>
        <Caret Line="538" Column="57" TopLine="521"/>
      </Position29>
      <Position30>
        <Filename Value="unit24.pas"/>
        <Caret Line="567" Column="10" TopLine="550"/>
      </Position30>
    </JumpHistory>
  </ProjectOptions>
  <CompilerOptions>
    <Version Value="11"/>
    <PathDelim Value="\"/>
    <Target>
      <Filename Value="Grow_4"/>
    </Target>
    <SearchPaths>
      <IncludeFiles Value="$(ProjOutDir)"/>
    </SearchPaths>
    <Parsing>
      <SyntaxOptions>
        <IncludeAssertionCode Value="True"/>
        <UseAnsiStrings Value="False"/>
      </SyntaxOptions>
    </Parsing>
    <CodeGeneration>
      <SmartLinkUnit Value="True"/>
      <TargetOS Value="win32"/>
      <Optimizations>
        <OptimizationLevel Value="3"/>
        <VariablesInRegisters Value="True"/>
        <UncertainOptimizations Value="True"/>
      </Optimizations>
    </CodeGeneration>
    <Linking>
      <Debugging>
        <StripSymbols Value="True"/>
      </Debugging>
      <LinkSmart Value="True"/>
      <Options>
        <Win32>
          <GraphicApplication Value="True"/>
        </Win32>
      </Options>
    </Linking>
    <Other>
      <Verbosity>
        <ShowGenInfo Value="False"/>
        <ShoLineNum Value="True"/>
      </Verbosity>
      <ConfigFile>
        <StopAfterErrCount Value="0"/>
      </ConfigFile>
    </Other>
  </CompilerOptions>
  <Debugging>
    <Exceptions Count="5">
      <Item1>
        <Name Value="EAbort"/>
      </Item1>
      <Item2>
        <Name Value="ECodetoolError"/>
      </Item2>
      <Item3>
        <Name Value="EFOpenError"/>
      </Item3>
      <Item4>
        <Name Value="einvalidargument"/>
      </Item4>
      <Item5>
        <Name Value="EListError"/>
      </Item5>
    </Exceptions>
  </Debugging>
</CONFIG>
